
Microsoft Visual Studio Solution File, Format Version 12.00
# Visual Studio Version 17
VisualStudioVersion = 17.4.33213.308
MinimumVisualStudioVersion = 10.0.40219.1
Project("{FAE04EC0-301F-11D3-BF4B-00C04F79EFBC}") = "PartyInvites", "PartyInvites\PartyInvites.csproj", "{1992BE0F-6B23-40BE-B570-590D47992022}"
EndProject
Project("{FAE04EC0-301F-11D3-BF4B-00C04F79EFBC}") = "CompanyManagementNET7", "CompanyManagementNET7\CompanyManagementNET7.csproj", "{52659E0D-A94F-4895-A260-8040A3AB6EA5}"
EndProject
Project("{FAE04EC0-301F-11D3-BF4B-00C04F79EFBC}") = "ProductManagement", "ProductManagement\ProductManagement.csproj", "{DC5D9B15-C1A9-4E78-AF47-83E8FDB9C214}"
EndProject
Global
	GlobalSection(SolutionConfigurationPlatforms) = preSolution
		Debug|Any CPU = Debug|Any CPU
		Release|Any CPU = Release|Any CPU
	EndGlobalSection
	GlobalSection(ProjectConfigurationPlatforms) = postSolution
		{1992BE0F-6B23-40BE-B570-590D47992022}.Debug|Any CPU.ActiveCfg = Debug|Any CPU
		{1992BE0F-6B23-40BE-B570-590D47992022}.Debug|Any CPU.Build.0 = Debug|Any CPU
		{1992BE0F-6B23-40BE-B570-590D47992022}.Release|Any CPU.ActiveCfg = Release|Any CPU
		{1992BE0F-6B23-40BE-B570-590D47992022}.Release|Any CPU.Build.0 = Release|Any CPU
		{52659E0D-A94F-4895-A260-8040A3AB6EA5}.Debug|Any CPU.ActiveCfg = Debug|Any CPU
		{52659E0D-A94F-4895-A260-8040A3AB6EA5}.Debug|Any CPU.Build.0 = Debug|Any CPU
		{52659E0D-A94F-4895-A260-8040A3AB6EA5}.Release|Any CPU.ActiveCfg = Release|Any CPU
		{52659E0D-A94F-4895-A260-8040A3AB6EA5}.Release|Any CPU.Build.0 = Release|Any CPU
		{DC5D9B15-C1A9-4E78-AF47-83E8FDB9C214}.Debug|Any CPU.ActiveCfg = Debug|Any CPU
		{DC5D9B15-C1A9-4E78-AF47-83E8FDB9C214}.Debug|Any CPU.Build.0 = Debug|Any CPU
		{DC5D9B15-C1A9-4E78-AF47-83E8FDB9C214}.Release|Any CPU.ActiveCfg = Release|Any CPU
		{DC5D9B15-C1A9-4E78-AF47-83E8FDB9C214}.Release|Any CPU.Build.0 = Release|Any CPU
	EndGlobalSection
	GlobalSection(SolutionProperties) = preSolution
		HideSolutionNode = FALSE
	EndGlobalSection
	GlobalSection(ExtensibilityGlobals) = postSolution
		SolutionGuid = {917295F4-8FDF-447F-BDA1-DC1EDB668808}
	EndGlobalSection
EndGlobal
